# THIS IS AN AUTOGENERATED FILE. DO NOT EDIT THIS FILE DIRECTLY.
# yarn lockfile v1


my-rn-header-bar@^1.0.0:
  version "1.0.0"
  resolved "https://registry.yarnpkg.com/my-rn-header-bar/-/my-rn-header-bar-1.0.0.tgz#1d28e0b5a6bc2c5402934367587cce9fa069e01e"
  integrity sha512-9hKOvIre0s6+9pdgsc7GyW+YvlxVK+0GuYx6p8bobsTi+OoTf1aLPx5UJ/M1ywrqpXZOUjyMqIXVr6juwl5kEw==
  dependencies:
    react-native-status-bar-height "^2.1.0"

react-native-status-bar-height@^2.1.0:
  version "2.3.1"
  resolved "https://registry.yarnpkg.com/react-native-status-bar-height/-/react-native-status-bar-height-2.3.1.tgz#b92ce9112c2367290847ac11284d9d84a6330169"
  integrity sha512-m9nGKYfFn6ljF1abafzF5cFaD9JCzXwj7kNE9CuF+g0TgtItH70eY2uHaCV9moENTftqd5XIS3Cx0mf4WfistA==
