# THIS IS AN AUTOGENERATED FILE. DO NOT EDIT THIS FILE DIRECTLY.
# yarn lockfile v1


escape-string-regexp@1.0.5:
  version "1.0.5"
  resolved "https://registry.yarnpkg.com/escape-string-regexp/-/escape-string-regexp-1.0.5.tgz#1b61c0562190a8dff6ae3bb2cf0200ca130b86d4"
  integrity sha1-G2HAViGQqN/2rjuyzwIAyhMLhtQ=

invariant@2.2.4:
  version "2.2.4"
  resolved "https://registry.yarnpkg.com/invariant/-/invariant-2.2.4.tgz#610f3c92c9359ce1db616e538008d23ff35158e6"
  integrity sha512-phJfQVBuaJM5raOpJjSfkiD6BpbCE4Ns//LaXl6wGYtUBY83nWS6Rf9tXm2e8VaK60JEjYldbPif/A2B1C2gNA==
  dependencies:
    loose-envify "^1.0.0"

"js-tokens@^3.0.0 || ^4.0.0":
  version "4.0.0"
  resolved "https://registry.yarnpkg.com/js-tokens/-/js-tokens-4.0.0.tgz#19203fb59991df98e3a287050d4647cdeaf32499"
  integrity sha512-RdJUflcE3cUzKiMqQgsCu06FPu9UdIJO0beYbPhHN4k6apgJtifcoCtT9bcxOpYBtpD2kCM6Sbzg4CausW/PKQ==

loose-envify@^1.0.0, loose-envify@^1.4.0:
  version "1.4.0"
  resolved "https://registry.yarnpkg.com/loose-envify/-/loose-envify-1.4.0.tgz#71ee51fa7be4caec1a63839f7e682d8132d30caf"
  integrity sha512-lyuxPGr/Wfhrlem2CL/UcnUc1zcqKAImBDzukY7Y5F/yQiNdko6+fRLevlw1HgMySw7f611UIY408EtxRSoK3Q==
  dependencies:
    js-tokens "^3.0.0 || ^4.0.0"

"my-rn-header-bar@git+https://gitlab.com/react-native-my-libs/my-rn-header-bar.git":
  version "1.0.0"
  resolved "git+https://gitlab.com/react-native-my-libs/my-rn-header-bar.git#ca1046c162ef6d77c39f34a13f44d0358555f894"
  dependencies:
    react-native-status-bar-height "^2.1.0"

object-assign@^4.1.1:
  version "4.1.1"
  resolved "https://registry.yarnpkg.com/object-assign/-/object-assign-4.1.1.tgz#2109adc7965887cfc05cbbd442cac8bfbb360863"
  integrity sha1-IQmtx5ZYh8/AXLvUQsrIv7s2CGM=

prop-types@^15.7.2:
  version "15.7.2"
  resolved "https://registry.yarnpkg.com/prop-types/-/prop-types-15.7.2.tgz#52c41e75b8c87e72b9d9360e0206b99dcbffa6c5"
  integrity sha512-8QQikdH7//R2vurIJSutZ1smHYTcLpRWEOlHnzcWHmBYrOGUysKwSsrC89BCiFj3CbrfJ/nXFdJepOVrY1GCHQ==
  dependencies:
    loose-envify "^1.4.0"
    object-assign "^4.1.1"
    react-is "^16.8.1"

react-is@^16.8.1:
  version "16.8.6"
  resolved "https://registry.yarnpkg.com/react-is/-/react-is-16.8.6.tgz#5bbc1e2d29141c9fbdfed456343fe2bc430a6a16"
  integrity sha512-aUk3bHfZ2bRSVFFbbeVS4i+lNPZr3/WM5jT2J5omUVV1zzcs1nAaf3l51ctA5FFvCRbhrH0bdAsRRQddFJZPtA==

react-native-autoheight-webview@^1.1.1:
  version "1.1.1"
  resolved "https://registry.yarnpkg.com/react-native-autoheight-webview/-/react-native-autoheight-webview-1.1.1.tgz#04010c7332639d3a1b4f1d02d816ea24227c6f17"
  integrity sha512-3YdtdrSv4bx756MferaMMcE3y0EZWVeL9a+o2Fy87fQw9stlT6tTix9hxo06CUOuZXeGdn/oEPCCyPQc9xMgNQ==
  dependencies:
    prop-types "^15.7.2"

react-native-status-bar-height@^2.1.0:
  version "2.3.1"
  resolved "https://registry.yarnpkg.com/react-native-status-bar-height/-/react-native-status-bar-height-2.3.1.tgz#b92ce9112c2367290847ac11284d9d84a6330169"
  integrity sha512-m9nGKYfFn6ljF1abafzF5cFaD9JCzXwj7kNE9CuF+g0TgtItH70eY2uHaCV9moENTftqd5XIS3Cx0mf4WfistA==

react-native-webview@^5.6.0:
  version "5.6.0"
  resolved "https://registry.yarnpkg.com/react-native-webview/-/react-native-webview-5.6.0.tgz#684b73ab35e106149bb8a0eed0ed0cbb72f64cb0"
  integrity sha512-CpxNJ5mupIH/a1d2CqZHTR+ywGYc8lFeOoKnp26NlNgEqZDM3geayUaTuG7gm4yGc6CApk48nnwv5fjzAcEx0g==
  dependencies:
    escape-string-regexp "1.0.5"
    invariant "2.2.4"
